# This file is automatically @generated by Cargo.
# It is not intended for manual editing.
version = 4

[[package]]
name = "fdir-accounting"
version = "0.1.0"
dependencies = [
 "fdir-core",
]

[[package]]
name = "fdir-adapter-sdk"
version = "0.1.0"
dependencies = [
 "fdir-core",
]

[[package]]
name = "fdir-adapters"
version = "0.1.0"
dependencies = [
 "fdir-adapter-sdk",
 "fdir-core",
]

[[package]]
name = "fdir-canonical"
version = "0.1.0"
dependencies = [
 "fdir-core",
]

[[package]]
name = "fdir-cli"
version = "0.1.0"
dependencies = [
 "fdir-coordinator",
 "fdir-core",
 "fdir-test-support",
]

[[package]]
name = "fdir-contract"
version = "0.1.0"

[[package]]
name = "fdir-coordinator"
version = "0.1.0"
dependencies = [
 "fdir-accounting",
 "fdir-adapter-sdk",
 "fdir-adapters",
 "fdir-canonical",
 "fdir-core",
 "fdir-semantics",
 "fdir-storage",
]

[[package]]
name = "fdir-core"
version = "0.1.0"
dependencies = [
 "fdir-contract",
]

[[package]]
name = "fdir-semantics"
version = "0.1.0"
dependencies = [
 "fdir-core",
]

[[package]]
name = "fdir-storage"
version = "0.1.0"
dependencies = [
 "fdir-canonical",
 "fdir-core",
]

[[package]]
name = "fdir-test-support"
version = "0.1.0"
dependencies = [
 "fdir-core",
]
